// !$*UTF8*$!
{
	archiveVersion = 1;
	classes = {
	};
	objectVersion = 56;
	objects = {

/* Begin PBXBuildFile section */
		000000000000000000000006 /* MicrobitLink.swift in Sources */ = {isa = PBXBuildFile; fileRef = 000000000000000000000005 /* MicrobitLink.swift */; };
		A00000000000000000000002 = {isa = PBXBuildFile; fileRef = A00000000000000000000001; };
		A00000000000000000000004 = {isa = PBXBuildFile; fileRef = A00000000000000000000003; };
		A00000000000000000000006 = {isa = PBXBuildFile; fileRef = A00000000000000000000005; };
/* End PBXBuildFile section */

/* Begin PBXFileReference section */
		000000000000000000000005 /* MicrobitLink.swift */ = {isa = PBXFileReference; lastKnownFileType = sourcecode.swift; path = MicrobitLink.swift; sourceTree = "<group>"; };
		000000000000000000000007 /* MicrobitLink.app */ = {isa = PBXFileReference; explicitFileType = wrapper.application; path = MicrobitLink.app; sourceTree = BUILT_PRODUCTS_DIR; };
		A00000000000000000000001 = {isa = PBXFileReference; lastKnownFileType = sourcecode.swift; path = HandControl.swift; sourceTree = "<group>"; };
		A00000000000000000000003 = {isa = PBXFileReference; lastKnownFileType = sourcecode.swift; path = HandCamera.swift; sourceTree = "<group>"; };
		A00000000000000000000005 = {isa = PBXFileReference; lastKnownFileType = sourcecode.swift; path = GestureGuide.swift; sourceTree = "<group>"; };
/* End PBXFileReference section */

/* Begin PBXFrameworksBuildPhase section */
		00000000000000000000000B /* Frameworks */ = {
			isa = PBXFrameworksBuildPhase;
			buildActionMask = 2147483647;
			files = (
			);
			runOnlyForDeploymentPostprocessing = 0;
		};
/* End PBXFrameworksBuildPhase section */

/* Begin PBXGroup section */
		000000000000000000000002 = {
			isa = PBXGroup;
			children = (
				000000000000000000000003 /* App */,
				000000000000000000000004 /* Products */,
			);
			sourceTree = "<group>";
		};
		000000000000000000000003 /* App */ = {
			isa = PBXGroup;
			children = (
				000000000000000000000005 /* MicrobitLink.swift */,
				A00000000000000000000005,
				A00000000000000000000003,
				A00000000000000000000001,
			);
			path = App;
			sourceTree = "<group>";
		};
		000000000000000000000004 /* Products */ = {
			isa = PBXGroup;
			children = (
				000000000000000000000007 /* MicrobitLink.app */,
			);
			name = Products;
			sourceTree = "<group>";
		};
/* End PBXGroup section */

/* Begin PBXNativeTarget section */
		000000000000000000000008 /* MicrobitLink */ = {
			isa = PBXNativeTarget;
			buildConfigurationList = 00000000000000000000000D /* Build configuration list for PBXNativeTarget "MicrobitLink" */;
			buildPhases = (
				000000000000000000000009 /* Sources */,
				00000000000000000000000B /* Frameworks */,
				00000000000000000000000A /* Resources */,
			);
			buildRules = (
			);
			dependencies = (
			);
			name = MicrobitLink;
			productName = MicrobitLink;
			productReference = 000000000000000000000007 /* MicrobitLink.app */;
			productType = "com.apple.product-type.application";
		};
/* End PBXNativeTarget section */

/* Begin PBXProject section */
		000000000000000000000001 /* Project object */ = {
			isa = PBXProject;
			attributes = {
				LastUpgradeCheck = 2650;
			};
			buildConfigurationList = 00000000000000000000000C /* Build configuration list for PBXProject "MicrobitLink" */;
			compatibilityVersion = "Xcode 14.0";
			developmentRegion = en;
			hasScannedForEncodings = 0;
			knownRegions = (
				en,
				Base,
			);
			mainGroup = 000000000000000000000002;
			productRefGroup = 000000000000000000000004 /* Products */;
			projectDirPath = "";
			projectRoot = "";
			targets = (
				000000000000000000000008 /* MicrobitLink */,
			);
		};
/* End PBXProject section */

/* Begin PBXResourcesBuildPhase section */
		00000000000000000000000A /* Resources */ = {
			isa = PBXResourcesBuildPhase;
			buildActionMask = 2147483647;
			files = (
			);
			runOnlyForDeploymentPostprocessing = 0;
		};
/* End PBXResourcesBuildPhase section */

/* Begin PBXSourcesBuildPhase section */
		000000000000000000000009 /* Sources */ = {
			isa = PBXSourcesBuildPhase;
			buildActionMask = 2147483647;
			files = (
				000000000000000000000006 /* MicrobitLink.swift in Sources */,
				A00000000000000000000006,
				A00000000000000000000004,
				A00000000000000000000002,
			);
			runOnlyForDeploymentPostprocessing = 0;
		};
/* End PBXSourcesBuildPhase section */

/* Begin XCBuildConfiguration section */
		00000000000000000000000E /* Debug */ = {
			isa = XCBuildConfiguration;
			buildSettings = {
				CLANG_ENABLE_MODULES = YES;
				IPHONEOS_DEPLOYMENT_TARGET = 17.0;
				SDKROOT = iphoneos;
				SWIFT_OPTIMIZATION_LEVEL = "-Onone";
			};
			name = Debug;
		};
		00000000000000000000000F /* Release */ = {
			isa = XCBuildConfiguration;
			buildSettings = {
				CLANG_ENABLE_MODULES = YES;
				IPHONEOS_DEPLOYMENT_TARGET = 17.0;
				SDKROOT = iphoneos;
				SWIFT_OPTIMIZATION_LEVEL = "-O";
			};
			name = Release;
		};
		000000000000000000000010 /* Debug */ = {
			isa = XCBuildConfiguration;
			buildSettings = {
				CODE_SIGN_STYLE = Automatic;
				CURRENT_PROJECT_VERSION = 8;
				GENERATE_INFOPLIST_FILE = YES;
				INFOPLIST_KEY_CFBundleDisplayName = "Microbit Link";
				INFOPLIST_KEY_NSBluetoothAlwaysUsageDescription = "Connect to your micro:bit to send test commands and receive button presses.";
				INFOPLIST_KEY_UIApplicationSceneManifest_Generation = YES;
				INFOPLIST_KEY_UILaunchScreen_Generation = YES;
                INFOPLIST_KEY_NSCameraUsageDescription = "Recognize hand gestures on this iPhone to control your rover. No video is recorded or uploaded.";
                INFOPLIST_KEY_UISupportedInterfaceOrientations = UIInterfaceOrientationPortrait;
				MARKETING_VERSION = 1.4;
				PRODUCT_BUNDLE_IDENTIFIER = org.example.microbitlink;
				PRODUCT_NAME = "$(TARGET_NAME)";
				SUPPORTED_PLATFORMS = "iphoneos iphonesimulator";
				SWIFT_VERSION = 5.0;
				TARGETED_DEVICE_FAMILY = 1;
			};
			name = Debug;
		};
		000000000000000000000011 /* Release */ = {
			isa = XCBuildConfiguration;
			buildSettings = {
				CODE_SIGN_STYLE = Automatic;
				CURRENT_PROJECT_VERSION = 8;
				GENERATE_INFOPLIST_FILE = YES;
				INFOPLIST_KEY_CFBundleDisplayName = "Microbit Link";
				INFOPLIST_KEY_NSBluetoothAlwaysUsageDescription = "Connect to your micro:bit to send test commands and receive button presses.";
				INFOPLIST_KEY_UIApplicationSceneManifest_Generation = YES;
				INFOPLIST_KEY_UILaunchScreen_Generation = YES;
                INFOPLIST_KEY_NSCameraUsageDescription = "Recognize hand gestures on this iPhone to control your rover. No video is recorded or uploaded.";
                INFOPLIST_KEY_UISupportedInterfaceOrientations = UIInterfaceOrientationPortrait;
				MARKETING_VERSION = 1.4;
				PRODUCT_BUNDLE_IDENTIFIER = org.example.microbitlink;
				PRODUCT_NAME = "$(TARGET_NAME)";
				SUPPORTED_PLATFORMS = "iphoneos iphonesimulator";
				SWIFT_VERSION = 5.0;
				TARGETED_DEVICE_FAMILY = 1;
			};
			name = Release;
		};
/* End XCBuildConfiguration section */

/* Begin XCConfigurationList section */
		00000000000000000000000C /* Build configuration list for PBXProject "MicrobitLink" */ = {
			isa = XCConfigurationList;
			buildConfigurations = (
				00000000000000000000000E /* Debug */,
				00000000000000000000000F /* Release */,
			);
			defaultConfigurationIsVisible = 0;
			defaultConfigurationName = Debug;
		};
		00000000000000000000000D /* Build configuration list for PBXNativeTarget "MicrobitLink" */ = {
			isa = XCConfigurationList;
			buildConfigurations = (
				000000000000000000000010 /* Debug */,
				000000000000000000000011 /* Release */,
			);
			defaultConfigurationIsVisible = 0;
			defaultConfigurationName = Debug;
		};
/* End XCConfigurationList section */
	};
	rootObject = 000000000000000000000001 /* Project object */;
}
